
Microsoft Visual Studio Solution File, Format Version 12.00
# Visual Studio Version 17
VisualStudioVersion = 17.0.31903.59
MinimumVisualStudioVersion = 10.0.40219.1
Project("{FAE04EC0-301F-11D3-BF4B-00C04F79EFBC}") = "IoDotnet.Web", "IoDotnet.Web\IoDotnet.Web.csproj", "{E572D1D1-A72B-4BAF-9C25-D34429290C56}"
EndProject
Project("{FAE04EC0-301F-11D3-BF4B-00C04F79EFBC}") = "IoDotnet.Tests", "IoDotnet.Tests\IoDotnet.Tests.csproj", "{D556C109-ADE7-408D-8D4F-9773305FF536}"
EndProject
Global
	GlobalSection(SolutionConfigurationPlatforms) = preSolution
		Debug|Any CPU = Debug|Any CPU
		Release|Any CPU = Release|Any CPU
	EndGlobalSection
	GlobalSection(SolutionProperties) = preSolution
		HideSolutionNode = FALSE
	EndGlobalSection
	GlobalSection(ProjectConfigurationPlatforms) = postSolution
		{E572D1D1-A72B-4BAF-9C25-D34429290C56}.Debug|Any CPU.ActiveCfg = Debug|Any CPU
		{E572D1D1-A72B-4BAF-9C25-D34429290C56}.Debug|Any CPU.Build.0 = Debug|Any CPU
		{E572D1D1-A72B-4BAF-9C25-D34429290C56}.Release|Any CPU.ActiveCfg = Release|Any CPU
		{E572D1D1-A72B-4BAF-9C25-D34429290C56}.Release|Any CPU.Build.0 = Release|Any CPU
		{D556C109-ADE7-408D-8D4F-9773305FF536}.Debug|Any CPU.ActiveCfg = Debug|Any CPU
		{D556C109-ADE7-408D-8D4F-9773305FF536}.Debug|Any CPU.Build.0 = Debug|Any CPU
		{D556C109-ADE7-408D-8D4F-9773305FF536}.Release|Any CPU.ActiveCfg = Release|Any CPU
		{D556C109-ADE7-408D-8D4F-9773305FF536}.Release|Any CPU.Build.0 = Release|Any CPU
	EndGlobalSection
EndGlobal
